# ============================================================
# RTL FILE LIST - AUTO GENERATED
# ============================================================

set_global_assignment -name VERILOG_FILE "../../rtl/aes_dual_rail/aes_core/add_round_key_core.v"
set_global_assignment -name VERILOG_FILE "../../rtl/aes_dual_rail/aes_core/aes.v"
set_global_assignment -name VERILOG_FILE "../../rtl/aes_dual_rail/aes_core/aff_trans.v"
set_global_assignment -name VERILOG_FILE "../../rtl/aes_dual_rail/aes_core/GF.v"
set_global_assignment -name VERILOG_FILE "../../rtl/aes_dual_rail/aes_core/inv_aff.v"
set_global_assignment -name VERILOG_FILE "../../rtl/aes_dual_rail/aes_core/inv_mix_col_core.v"
set_global_assignment -name VERILOG_FILE "../../rtl/aes_dual_rail/aes_core/mix_col_core.v"
set_global_assignment -name VERILOG_FILE "../../rtl/aes_dual_rail/aes_core/sub_byte_core.v"
set_global_assignment -name VERILOG_FILE "../../rtl/ecc/ecc_top.v"
set_global_assignment -name VERILOG_FILE "../../rtl/ecc/hamming_decoder_32.v"
set_global_assignment -name VERILOG_FILE "../../rtl/ecc/hamming_encoder_32.v"
set_global_assignment -name VERILOG_FILE "../../rtl/riscv_core/ALU.v"
set_global_assignment -name VERILOG_FILE "../../rtl/riscv_core/ALU_control.v"
set_global_assignment -name VERILOG_FILE "../../rtl/riscv_core/Branch_prediction.v"
set_global_assignment -name VERILOG_FILE "../../rtl/riscv_core/Control_unit.v"
set_global_assignment -name VERILOG_FILE "../../rtl/riscv_core/Data_memory.v"
set_global_assignment -name VERILOG_FILE "../../rtl/riscv_core/Forwarding_unit.v"
set_global_assignment -name VERILOG_FILE "../../rtl/riscv_core/Hazard_detection.v"
set_global_assignment -name VERILOG_FILE "../../rtl/riscv_core/Immediate_generator.v"
set_global_assignment -name VERILOG_FILE "../../rtl/riscv_core/Instruction_memory.v"
set_global_assignment -name VERILOG_FILE "../../rtl/riscv_core/Mux.v"
set_global_assignment -name VERILOG_FILE "../../rtl/riscv_core/PC.v"
set_global_assignment -name VERILOG_FILE "../../rtl/riscv_core/Register_file.v"
set_global_assignment -name VERILOG_FILE "../../rtl/riscv_core/RV32I.v"
set_global_assignment -name VERILOG_FILE "../../rtl/riscv_core/Sign_extend.v"
set_global_assignment -name VERILOG_FILE "../../rtl/sha/sha256.v"
set_global_assignment -name VERILOG_FILE "../../rtl/sha/sha256_k_constant.v"
set_global_assignment -name VERILOG_FILE "../../rtl/sha/sha256_m_schedule.v"
set_global_assignment -name VERILOG_FILE "../../rtl/sha/sha256_top.v"
set_global_assignment -name VERILOG_FILE "../../rtl/soc/axi_reg_bank.v"
set_global_assignment -name VERILOG_FILE "../../rtl/soc/axi_slave_core.v"
set_global_assignment -name VERILOG_FILE "../../rtl/soc/axi_slave_top.v"
set_global_assignment -name VERILOG_FILE "../../rtl/soc/control_fsm.v"
set_global_assignment -name VERILOG_FILE "../../rtl/soc/rv32_axi_master.v"
set_global_assignment -name VERILOG_FILE "../../rtl/soc/soc.v"
