set_global_assignment -name VERILOG_FILE "../../rtl/aes_dual_rail/aes_core/add_round_key.v"
set_global_assignment -name VERILOG_FILE "../../rtl/aes_dual_rail/aes_core/aes.v"
set_global_assignment -name VERILOG_FILE "../../rtl/aes_dual_rail/aes_core/aes_decrypt.v"
set_global_assignment -name VERILOG_FILE "../../rtl/aes_dual_rail/aes_core/aes_encrypt.v"
set_global_assignment -name VERILOG_FILE "../../rtl/aes_dual_rail/aes_core/aes_key_expansion_serial.v"
set_global_assignment -name VERILOG_FILE "../../rtl/aes_dual_rail/aes_core/aes_mix_column_serial.v"
set_global_assignment -name VERILOG_FILE "../../rtl/aes_dual_rail/aes_core/aes_sbox_byte.v"
set_global_assignment -name VERILOG_FILE "../../rtl/aes_dual_rail/aes_core/aff_trans.v"
set_global_assignment -name VERILOG_FILE "../../rtl/aes_dual_rail/aes_core/GF.v"
set_global_assignment -name VERILOG_FILE "../../rtl/aes_dual_rail/aes_core/inv_aff.v"
set_global_assignment -name VERILOG_FILE "../../rtl/aes_dual_rail/aes_core/inv_mix_columns.v"
set_global_assignment -name VERILOG_FILE "../../rtl/aes_dual_rail/aes_core/inv_shift_rows.v"
set_global_assignment -name VERILOG_FILE "../../rtl/aes_dual_rail/aes_core/key_expansion.v"
set_global_assignment -name VERILOG_FILE "../../rtl/aes_dual_rail/aes_core/mix_columns.v"
set_global_assignment -name VERILOG_FILE "../../rtl/aes_dual_rail/aes_core/shift_rows.v"
set_global_assignment -name VERILOG_FILE "../../rtl/aes_dual_rail/aes_core/sub_bytes.v"
set_global_assignment -name VERILOG_FILE "../../rtl/ecc/ecc_top.v"
set_global_assignment -name VERILOG_FILE "../../rtl/ecc/hamming_decoder_32.v"
set_global_assignment -name VERILOG_FILE "../../rtl/ecc/hamming_encoder_32.v"
set_global_assignment -name SYSTEMVERILOG_FILE "../../rtl/puf/challenge_mapper.sv"
set_global_assignment -name SYSTEMVERILOG_FILE "../../rtl/puf/comparator.sv"
set_global_assignment -name SYSTEMVERILOG_FILE "../../rtl/puf/counter_bank.sv"
set_global_assignment -name SYSTEMVERILOG_FILE "../../rtl/puf/measurement_controller.sv"
set_global_assignment -name SYSTEMVERILOG_FILE "../../rtl/puf/measurement_engine.sv"
set_global_assignment -name SYSTEMVERILOG_FILE "../../rtl/puf/pair_scheduler.sv"
set_global_assignment -name SYSTEMVERILOG_FILE "../../rtl/puf/response_builder.sv"
set_global_assignment -name SYSTEMVERILOG_FILE "../../rtl/puf/response_engine.sv"
set_global_assignment -name SYSTEMVERILOG_FILE "../../rtl/puf/ro_bank.sv"
set_global_assignment -name SYSTEMVERILOG_FILE "../../rtl/puf/ro_cell.sv"
set_global_assignment -name SYSTEMVERILOG_FILE "../../rtl/puf/ro_puf_core.sv"
set_global_assignment -name SYSTEMVERILOG_FILE "../../rtl/puf/snapshot_register.sv"
set_global_assignment -name VERILOG_FILE "../../rtl/riscv_core/ALU.v"
set_global_assignment -name VERILOG_FILE "../../rtl/riscv_core/ALU_control.v"
set_global_assignment -name VERILOG_FILE "../../rtl/riscv_core/Branch_prediction.v"
set_global_assignment -name VERILOG_FILE "../../rtl/riscv_core/Control_unit.v"
set_global_assignment -name VERILOG_FILE "../../rtl/riscv_core/Data_memory.v"
set_global_assignment -name VERILOG_FILE "../../rtl/riscv_core/Forwarding_unit.v"
set_global_assignment -name VERILOG_FILE "../../rtl/riscv_core/Hazard_detection.v"
set_global_assignment -name VERILOG_FILE "../../rtl/riscv_core/Immediate_generator.v"
set_global_assignment -name VERILOG_FILE "../../rtl/riscv_core/Instruction_memory.v"
set_global_assignment -name VERILOG_FILE "../../rtl/riscv_core/Mux.v"
set_global_assignment -name VERILOG_FILE "../../rtl/riscv_core/PC.v"
set_global_assignment -name VERILOG_FILE "../../rtl/riscv_core/Register_file.v"
set_global_assignment -name VERILOG_FILE "../../rtl/riscv_core/RV32I.v"
set_global_assignment -name VERILOG_FILE "../../rtl/riscv_core/Sign_extend.v"
set_global_assignment -name VERILOG_FILE "../../rtl/sha/sha256.v"
set_global_assignment -name VERILOG_FILE "../../rtl/sha/sha256_k_constant.v"
set_global_assignment -name VERILOG_FILE "../../rtl/sha/sha256_m_schedule.v"
set_global_assignment -name VERILOG_FILE "../../rtl/sha/sha256_top.v"
set_global_assignment -name VERILOG_FILE "../../rtl/soc/axi_reg_bank.v"
set_global_assignment -name VERILOG_FILE "../../rtl/soc/axi_slave_core.v"
set_global_assignment -name VERILOG_FILE "../../rtl/soc/axi_slave_top.v"
set_global_assignment -name VERILOG_FILE "../../rtl/soc/control_fsm.v"
set_global_assignment -name VERILOG_FILE "../../rtl/soc/rv32_axi_master.v"
set_global_assignment -name VERILOG_FILE "../../rtl/soc/soc.v"
